
Microsoft Visual Studio Solution File, Format Version 12.00
# Visual Studio 15
VisualStudioVersion = 15.0.27729.1
MinimumVisualStudioVersion = 10.0.40219.1
Project("{8BC9CEB8-8B4A-11D0-8D11-00A0C91BC942}") = "cuda", "cuda\cuda.vcxproj", "{C1037F7C-A85C-4915-865C-B72D24F8CB75}"
EndProject
Project("{8BC9CEB8-8B4A-11D0-8D11-00A0C91BC942}") = "thrust", "thrust\thrust.vcxproj", "{4F157E73-0B92-4115-B801-A587C1372D7D}"
EndProject
Project("{8BC9CEB8-8B4A-11D0-8D11-00A0C91BC942}") = "openmp", "openmp\openmp.vcxproj", "{BE874BFB-961B-4779-9832-FFFA58F5F995}"
EndProject
Project("{2150E333-8FDC-42A3-9474-1A3956D46DE8}") = "Solution Items", "Solution Items", "{85F29D0F-0C5B-439D-AEC3-070FE05B8401}"
	ProjectSection(SolutionItems) = preProject
		.editorconfig = .editorconfig
		README.md = README.md
	EndProjectSection
EndProject
Project("{8BC9CEB8-8B4A-11D0-8D11-00A0C91BC942}") = "single-thread", "single-thread\single-thread.vcxproj", "{9B92D16D-97D4-490A-A1D0-1D0FB801193F}"
EndProject
Global
	GlobalSection(SolutionConfigurationPlatforms) = preSolution
		Debug|x64 = Debug|x64
		Release|x64 = Release|x64
	EndGlobalSection
	GlobalSection(ProjectConfigurationPlatforms) = postSolution
		{C1037F7C-A85C-4915-865C-B72D24F8CB75}.Debug|x64.ActiveCfg = Debug|x64
		{C1037F7C-A85C-4915-865C-B72D24F8CB75}.Debug|x64.Build.0 = Debug|x64
		{C1037F7C-A85C-4915-865C-B72D24F8CB75}.Release|x64.ActiveCfg = Release|x64
		{C1037F7C-A85C-4915-865C-B72D24F8CB75}.Release|x64.Build.0 = Release|x64
		{4F157E73-0B92-4115-B801-A587C1372D7D}.Debug|x64.ActiveCfg = Debug|x64
		{4F157E73-0B92-4115-B801-A587C1372D7D}.Debug|x64.Build.0 = Debug|x64
		{4F157E73-0B92-4115-B801-A587C1372D7D}.Release|x64.ActiveCfg = Release|x64
		{4F157E73-0B92-4115-B801-A587C1372D7D}.Release|x64.Build.0 = Release|x64
		{BE874BFB-961B-4779-9832-FFFA58F5F995}.Debug|x64.ActiveCfg = Debug|x64
		{BE874BFB-961B-4779-9832-FFFA58F5F995}.Debug|x64.Build.0 = Debug|x64
		{BE874BFB-961B-4779-9832-FFFA58F5F995}.Release|x64.ActiveCfg = Release|x64
		{BE874BFB-961B-4779-9832-FFFA58F5F995}.Release|x64.Build.0 = Release|x64
		{9B92D16D-97D4-490A-A1D0-1D0FB801193F}.Debug|x64.ActiveCfg = Debug|x64
		{9B92D16D-97D4-490A-A1D0-1D0FB801193F}.Debug|x64.Build.0 = Debug|x64
		{9B92D16D-97D4-490A-A1D0-1D0FB801193F}.Release|x64.ActiveCfg = Release|x64
		{9B92D16D-97D4-490A-A1D0-1D0FB801193F}.Release|x64.Build.0 = Release|x64
	EndGlobalSection
	GlobalSection(SolutionProperties) = preSolution
		HideSolutionNode = FALSE
	EndGlobalSection
	GlobalSection(ExtensibilityGlobals) = postSolution
		SolutionGuid = {55C2F153-43D6-4D09-96BA-151092CF233C}
	EndGlobalSection
EndGlobal
